{
  "lockfile_version": "1",
  "packages": {
    "pipenv@2023.2.4": {
      "last_modified": "2024-04-19T17:36:04-04:00",
      "resolved": "github:NixOS/nixpkgs/92d295f588631b0db2da509f381b4fb1e74173c5#pipenv",
      "source": "devbox-search",
      "version": "2023.2.4",
      "systems": {
        "aarch64-darwin": {
          "outputs": [
            {
              "name": "out",
              "path": "/nix/store/s4jbxwi593yvhdqj36hccfz6v27zy8ql-pipenv-2023.2.4",
              "default": true
            },
            {
              "name": "dist",
              "path": "/nix/store/5cc98r4sygpykp35gq7mf9n0jadf6jym-pipenv-2023.2.4-dist"
            }
          ],
          "store_path": "/nix/store/s4jbxwi593yvhdqj36hccfz6v27zy8ql-pipenv-2023.2.4"
        },
        "aarch64-linux": {
          "outputs": [
            {
              "name": "out",
              "path": "/nix/store/q6cn6j9vv0kmf5li6c0w4wsrlxss1p8d-pipenv-2023.2.4",
              "default": true
            },
            {
              "name": "dist",
              "path": "/nix/store/grq25ax304s20jmv6lqc6nak43nhylpn-pipenv-2023.2.4-dist"
            }
          ],
          "store_path": "/nix/store/q6cn6j9vv0kmf5li6c0w4wsrlxss1p8d-pipenv-2023.2.4"
        },
        "x86_64-darwin": {
          "outputs": [
            {
              "name": "out",
              "path": "/nix/store/17453892m8r8k198xi3g707gf0bbaln5-pipenv-2023.2.4",
              "default": true
            },
            {
              "name": "dist",
              "path": "/nix/store/ndg9hkplkzgjdyizp8842id2yvndyx65-pipenv-2023.2.4-dist"
            }
          ],
          "store_path": "/nix/store/17453892m8r8k198xi3g707gf0bbaln5-pipenv-2023.2.4"
        },
        "x86_64-linux": {
          "outputs": [
            {
              "name": "out",
              "path": "/nix/store/f8f9fxs19f7lxvn6424791c54rd3fxpz-pipenv-2023.2.4",
              "default": true
            },
            {
              "name": "dist",
              "path": "/nix/store/scysdxh88vr7jdqnijwqk2m67ckrmkph-pipenv-2023.2.4-dist"
            }
          ],
          "store_path": "/nix/store/f8f9fxs19f7lxvn6424791c54rd3fxpz-pipenv-2023.2.4"
        }
      }
    },
    "pre-commit@3.3.3": {
      "last_modified": "2023-12-13T17:54:10-05:00",
      "resolved": "github:NixOS/nixpkgs/fd04bea4cbf76f86f244b9e2549fca066db8ddff#pre-commit",
      "source": "devbox-search",
      "version": "3.3.3",
      "systems": {
        "aarch64-darwin": {
          "outputs": [
            {
              "name": "out",
              "path": "/nix/store/zf05xsah3wfzcsb667ncxlj7xkgjpi20-pre-commit-3.3.3",
              "default": true
            },
            {
              "name": "dist",
              "path": "/nix/store/nlf8rmfd3zck00i0fa3h9ny2si9si5p0-pre-commit-3.3.3-dist"
            }
          ],
          "store_path": "/nix/store/zf05xsah3wfzcsb667ncxlj7xkgjpi20-pre-commit-3.3.3"
        },
        "aarch64-linux": {
          "outputs": [
            {
              "name": "out",
              "path": "/nix/store/1a6hxqg1l06pmni3wgvf9mnmnnmybpfz-pre-commit-3.3.3",
              "default": true
            },
            {
              "name": "dist",
              "path": "/nix/store/975482aqwn7mkdnnnhwisw8d6x42bp36-pre-commit-3.3.3-dist"
            }
          ],
          "store_path": "/nix/store/1a6hxqg1l06pmni3wgvf9mnmnnmybpfz-pre-commit-3.3.3"
        },
        "x86_64-darwin": {
          "outputs": [
            {
              "name": "out",
              "path": "/nix/store/5gcyinwlh7ymdkn52bndsla3j5k535kn-pre-commit-3.3.3",
              "default": true
            },
            {
              "name": "dist",
              "path": "/nix/store/n7d03kc0wci013mh8lbd9xv20ayxvf4v-pre-commit-3.3.3-dist"
            }
          ],
          "store_path": "/nix/store/5gcyinwlh7ymdkn52bndsla3j5k535kn-pre-commit-3.3.3"
        },
        "x86_64-linux": {
          "outputs": [
            {
              "name": "out",
              "path": "/nix/store/df53xfmql17hpxn2vnklqy005h4q7vmw-pre-commit-3.3.3",
              "default": true
            },
            {
              "name": "dist",
              "path": "/nix/store/695lwjgmhj2799ihmr3nfp35gj12dwfv-pre-commit-3.3.3-dist"
            }
          ],
          "store_path": "/nix/store/df53xfmql17hpxn2vnklqy005h4q7vmw-pre-commit-3.3.3"
        }
      }
    },
    "python@3.11": {
      "last_modified": "2024-04-19T17:36:04-04:00",
      "plugin_version": "0.0.3",
      "resolved": "github:NixOS/nixpkgs/92d295f588631b0db2da509f381b4fb1e74173c5#python3",
      "source": "devbox-search",
      "version": "3.11.9",
      "systems": {
        "aarch64-darwin": {
          "outputs": [
            {
              "name": "out",
              "path": "/nix/store/kqsqlfvvr4gr3q83vl43gprk47rbsc5d-python3-3.11.9",
              "default": true
            }
          ],
          "store_path": "/nix/store/kqsqlfvvr4gr3q83vl43gprk47rbsc5d-python3-3.11.9"
        },
        "aarch64-linux": {
          "outputs": [
            {
              "name": "out",
              "path": "/nix/store/6n45ny7frbmv2ha302da9z440dq2nbna-python3-3.11.9",
              "default": true
            },
            {
              "name": "debug",
              "path": "/nix/store/cvcwnqmdvyj8jp0a6m08syarvp5m5lhr-python3-3.11.9-debug"
            }
          ],
          "store_path": "/nix/store/6n45ny7frbmv2ha302da9z440dq2nbna-python3-3.11.9"
        },
        "x86_64-darwin": {
          "outputs": [
            {
              "name": "out",
              "path": "/nix/store/d0lpzyjad99g4rm84d4mj3mw1iq8hl03-python3-3.11.9",
              "default": true
            }
          ],
          "store_path": "/nix/store/d0lpzyjad99g4rm84d4mj3mw1iq8hl03-python3-3.11.9"
        },
        "x86_64-linux": {
          "outputs": [
            {
              "name": "out",
              "path": "/nix/store/glfr70gi7hfaj50mwj2431p8bg60fhqw-python3-3.11.9",
              "default": true
            },
            {
              "name": "debug",
              "path": "/nix/store/jvi4ai0ip6hvia5jlqh9zal6cdm8fp57-python3-3.11.9-debug"
            }
          ],
          "store_path": "/nix/store/glfr70gi7hfaj50mwj2431p8bg60fhqw-python3-3.11.9"
        }
      }
    },
    "rustup@1.26.0": {
      "last_modified": "2024-04-19T17:36:04-04:00",
      "plugin_version": "0.0.1",
      "resolved": "github:NixOS/nixpkgs/92d295f588631b0db2da509f381b4fb1e74173c5#rustup",
      "source": "devbox-search",
      "version": "1.26.0",
      "systems": {
        "aarch64-darwin": {
          "outputs": [
            {
              "name": "out",
              "path": "/nix/store/cyvyapv4ypksdxy6ccgl6nla5kdmzib0-rustup-1.26.0",
              "default": true
            }
          ],
          "store_path": "/nix/store/cyvyapv4ypksdxy6ccgl6nla5kdmzib0-rustup-1.26.0"
        },
        "aarch64-linux": {
          "outputs": [
            {
              "name": "out",
              "path": "/nix/store/k0i5323fwlc6yxiqqd6fyi6syvbwvw6r-rustup-1.26.0",
              "default": true
            }
          ],
          "store_path": "/nix/store/k0i5323fwlc6yxiqqd6fyi6syvbwvw6r-rustup-1.26.0"
        },
        "x86_64-darwin": {
          "outputs": [
            {
              "name": "out",
              "path": "/nix/store/rgx9ssx5ai30vncw2a5wxcr8pbmhdy39-rustup-1.26.0",
              "default": true
            }
          ],
          "store_path": "/nix/store/rgx9ssx5ai30vncw2a5wxcr8pbmhdy39-rustup-1.26.0"
        },
        "x86_64-linux": {
          "outputs": [
            {
              "name": "out",
              "path": "/nix/store/czkc2swvgjv185rmi22j73159ifil4sy-rustup-1.26.0",
              "default": true
            }
          ],
          "store_path": "/nix/store/czkc2swvgjv185rmi22j73159ifil4sy-rustup-1.26.0"
        }
      }
    }
  }
}
