{
  "lockfile_version": "1",
  "packages": {
    "bun@1.0.13": {
      "last_modified": "2023-11-20T22:41:45-05:00",
      "resolved": "github:NixOS/nixpkgs/51a01a7e5515b469886c120e38db325c96694c2f#bun",
      "source": "devbox-search",
      "version": "1.0.13",
      "systems": {
        "aarch64-darwin": {
          "outputs": [
            {
              "name": "out",
              "path": "/nix/store/sh0viv0p89ax27b4zzrqhah3n63b7ifm-bun-1.0.13",
              "default": true
            }
          ],
          "store_path": "/nix/store/sh0viv0p89ax27b4zzrqhah3n63b7ifm-bun-1.0.13"
        },
        "aarch64-linux": {
          "outputs": [
            {
              "name": "out",
              "path": "/nix/store/86n4w583kcpl8021mz3y0i0r5hndlyrh-bun-1.0.13",
              "default": true
            }
          ],
          "store_path": "/nix/store/86n4w583kcpl8021mz3y0i0r5hndlyrh-bun-1.0.13"
        },
        "x86_64-darwin": {
          "outputs": [
            {
              "name": "out",
              "path": "/nix/store/9pf1kxxmqz5xg73wvdmjnfswrab6f9cf-bun-1.0.13",
              "default": true
            }
          ],
          "store_path": "/nix/store/9pf1kxxmqz5xg73wvdmjnfswrab6f9cf-bun-1.0.13"
        },
        "x86_64-linux": {
          "outputs": [
            {
              "name": "out",
              "path": "/nix/store/n16qydw07d91062acsv4a1b6s4y7rlhf-bun-1.0.13",
              "default": true
            }
          ],
          "store_path": "/nix/store/n16qydw07d91062acsv4a1b6s4y7rlhf-bun-1.0.13"
        }
      }
    },
    "clang@16.0.6": {
      "last_modified": "2024-02-24T18:06:34-05:00",
      "resolved": "github:NixOS/nixpkgs/9a9dae8f6319600fa9aebde37f340975cab4b8c0#clang",
      "source": "devbox-search",
      "version": "16.0.6",
      "systems": {
        "aarch64-darwin": {
          "outputs": [
            {
              "name": "out",
              "path": "/nix/store/v4p0piwwk3a9gwrhvxa8b04ljd1arviz-clang-wrapper-16.0.6",
              "default": true
            }
          ],
          "store_path": "/nix/store/v4p0piwwk3a9gwrhvxa8b04ljd1arviz-clang-wrapper-16.0.6"
        },
        "aarch64-linux": {
          "outputs": [
            {
              "name": "out",
              "path": "/nix/store/v3pp0kc6dgx422rx5x50i3dx422f4bp5-clang-wrapper-16.0.6",
              "default": true
            }
          ],
          "store_path": "/nix/store/v3pp0kc6dgx422rx5x50i3dx422f4bp5-clang-wrapper-16.0.6"
        },
        "x86_64-darwin": {
          "outputs": [
            {
              "name": "out",
              "path": "/nix/store/cx6fs6pkpn3iacbygpy2r0kj45qvay7n-clang-wrapper-16.0.6",
              "default": true
            }
          ],
          "store_path": "/nix/store/cx6fs6pkpn3iacbygpy2r0kj45qvay7n-clang-wrapper-16.0.6"
        },
        "x86_64-linux": {
          "outputs": [
            {
              "name": "out",
              "path": "/nix/store/c2w4w4jcipkhazkq7fq85j4mynb268k9-clang-wrapper-16.0.6",
              "default": true
            }
          ],
          "store_path": "/nix/store/c2w4w4jcipkhazkq7fq85j4mynb268k9-clang-wrapper-16.0.6"
        }
      }
    },
    "just@1.25.2": {
      "last_modified": "2024-04-19T17:36:04-04:00",
      "resolved": "github:NixOS/nixpkgs/92d295f588631b0db2da509f381b4fb1e74173c5#just",
      "source": "devbox-search",
      "version": "1.25.2",
      "systems": {
        "aarch64-darwin": {
          "outputs": [
            {
              "name": "out",
              "path": "/nix/store/z65fyiw9sgg9ywxb16kzgjn4335bkdgk-just-1.25.2",
              "default": true
            },
            {
              "name": "man",
              "path": "/nix/store/igxiip2bywwgk97bcfmz8rfhcwalnabp-just-1.25.2-man",
              "default": true
            },
            {
              "name": "doc",
              "path": "/nix/store/4v3vhnbgwvar7qbr4iy00gqqf1zfrrsq-just-1.25.2-doc"
            }
          ],
          "store_path": "/nix/store/z65fyiw9sgg9ywxb16kzgjn4335bkdgk-just-1.25.2"
        },
        "aarch64-linux": {
          "outputs": [
            {
              "name": "out",
              "path": "/nix/store/ya5l2p4s8122gal35impls0hxqvgikq7-just-1.25.2",
              "default": true
            },
            {
              "name": "man",
              "path": "/nix/store/qwqvkd7sdfv0y8ja6yrszh41ddb1lbab-just-1.25.2-man",
              "default": true
            },
            {
              "name": "doc",
              "path": "/nix/store/wgnh87vfdmnvs7wav321sg2frpdrxi8w-just-1.25.2-doc"
            }
          ],
          "store_path": "/nix/store/ya5l2p4s8122gal35impls0hxqvgikq7-just-1.25.2"
        },
        "x86_64-darwin": {
          "outputs": [
            {
              "name": "out",
              "path": "/nix/store/hkh658l8gszli0fcbn0c27fidwcx6skc-just-1.25.2",
              "default": true
            },
            {
              "name": "man",
              "path": "/nix/store/rq5p2xipbhqhm0321plymlxvdh4qwyhy-just-1.25.2-man",
              "default": true
            },
            {
              "name": "doc",
              "path": "/nix/store/mrirhr3b4jmlyrj4hmmidby83bc65dll-just-1.25.2-doc"
            }
          ],
          "store_path": "/nix/store/hkh658l8gszli0fcbn0c27fidwcx6skc-just-1.25.2"
        },
        "x86_64-linux": {
          "outputs": [
            {
              "name": "out",
              "path": "/nix/store/ap71wavjciyyfqsr7j0dz5b7k36r1w1w-just-1.25.2",
              "default": true
            },
            {
              "name": "man",
              "path": "/nix/store/h4a4dx6mjdmhbxfp3ykl2zqdmqs9zjfz-just-1.25.2-man",
              "default": true
            },
            {
              "name": "doc",
              "path": "/nix/store/n9a0w5jclm4rh85c5ckpxxg5qqlcpban-just-1.25.2-doc"
            }
          ],
          "store_path": "/nix/store/ap71wavjciyyfqsr7j0dz5b7k36r1w1w-just-1.25.2"
        }
      }
    },
    "libiconv@latest": {
      "last_modified": "2024-04-19T17:36:04-04:00",
      "resolved": "github:NixOS/nixpkgs/92d295f588631b0db2da509f381b4fb1e74173c5#libiconv",
      "source": "devbox-search",
      "version": "2.39",
      "systems": {
        "aarch64-linux": {
          "outputs": [
            {
              "name": "out",
              "path": "/nix/store/s1wwib4qjxqmpdkpafsraygh8mm2r42a-glibc-iconv-2.39",
              "default": true
            }
          ],
          "store_path": "/nix/store/s1wwib4qjxqmpdkpafsraygh8mm2r42a-glibc-iconv-2.39"
        },
        "x86_64-linux": {
          "outputs": [
            {
              "name": "out",
              "path": "/nix/store/6rghxdycggqf7pkjd90hhsb0qyv4giva-glibc-iconv-2.39",
              "default": true
            }
          ],
          "store_path": "/nix/store/6rghxdycggqf7pkjd90hhsb0qyv4giva-glibc-iconv-2.39"
        }
      }
    },
    "lld@16.0.6": {
      "last_modified": "2024-03-06T21:56:54-05:00",
      "resolved": "github:NixOS/nixpkgs/f945939fd679284d736112d3d5410eb867f3b31c#lld",
      "source": "devbox-search",
      "version": "16.0.6",
      "systems": {
        "aarch64-darwin": {
          "outputs": [
            {
              "name": "out",
              "path": "/nix/store/fnqvam32mkz5cpnwvjc83mg8p1x2yj7s-lld-16.0.6",
              "default": true
            },
            {
              "name": "dev",
              "path": "/nix/store/gik194z2r8jhzxfdpgx572v984sblclv-lld-16.0.6-dev"
            },
            {
              "name": "lib",
              "path": "/nix/store/r6s7rz3r6y3fjhb99ibnypbljy9dx1ay-lld-16.0.6-lib"
            }
          ],
          "store_path": "/nix/store/fnqvam32mkz5cpnwvjc83mg8p1x2yj7s-lld-16.0.6"
        },
        "aarch64-linux": {
          "outputs": [
            {
              "name": "out",
              "path": "/nix/store/pp54v56r0hfw3vkwfarg8rg0r5ahxrfp-lld-16.0.6",
              "default": true
            },
            {
              "name": "dev",
              "path": "/nix/store/ggv1hqhynkxx8axfjgia33qsa0y7wsyb-lld-16.0.6-dev"
            },
            {
              "name": "lib",
              "path": "/nix/store/782h7mnp50h3v4liicbq3xy4jd2cwn1y-lld-16.0.6-lib"
            }
          ],
          "store_path": "/nix/store/pp54v56r0hfw3vkwfarg8rg0r5ahxrfp-lld-16.0.6"
        },
        "x86_64-darwin": {
          "outputs": [
            {
              "name": "out",
              "path": "/nix/store/vhlvzaahdkqyhncdhrp5w5n7npifcswd-lld-16.0.6",
              "default": true
            },
            {
              "name": "dev",
              "path": "/nix/store/gm20kmjbqigy30lrgkvccm1gyh3pvmwp-lld-16.0.6-dev"
            },
            {
              "name": "lib",
              "path": "/nix/store/mj14k7467czmzk03r6xianp6r949233v-lld-16.0.6-lib"
            }
          ],
          "store_path": "/nix/store/vhlvzaahdkqyhncdhrp5w5n7npifcswd-lld-16.0.6"
        },
        "x86_64-linux": {
          "outputs": [
            {
              "name": "out",
              "path": "/nix/store/7gin6ps0a8van0x2apg6ipwv7c0xbfd0-lld-16.0.6",
              "default": true
            },
            {
              "name": "dev",
              "path": "/nix/store/4rs339q5lry7y9nshd1z93lrbzgrkpk0-lld-16.0.6-dev"
            },
            {
              "name": "lib",
              "path": "/nix/store/60r9zwzi1gcj3027gilkyrz41lhx6vcc-lld-16.0.6-lib"
            }
          ],
          "store_path": "/nix/store/7gin6ps0a8van0x2apg6ipwv7c0xbfd0-lld-16.0.6"
        }
      }
    },
    "llvm@11.1.0": {
      "last_modified": "2023-02-27T16:49:53-05:00",
      "resolved": "github:NixOS/nixpkgs/3ad64d9e2d5bf80c877286102355b1625891ae9a#llvm",
      "source": "devbox-search",
      "version": "11.1.0",
      "systems": {
        "aarch64-darwin": {
          "outputs": [
            {
              "name": "out",
              "path": "/nix/store/fw2nr289aj0c64xpczwy4d2aqkkqpag0-llvm-11.1.0",
              "default": true
            },
            {
              "name": "dev",
              "path": "/nix/store/62pd8lzzppbhwsp41jc534zdg1iqivx7-llvm-11.1.0-dev"
            },
            {
              "name": "lib",
              "path": "/nix/store/wzrn3rj0i42ispdiz4znwr2gjk8v2d31-llvm-11.1.0-lib"
            },
            {
              "name": "python",
              "path": "/nix/store/a4r1k1kk8ik9rh024l55zkdxhd4ww2m1-llvm-11.1.0-python"
            }
          ],
          "store_path": "/nix/store/fw2nr289aj0c64xpczwy4d2aqkkqpag0-llvm-11.1.0"
        },
        "aarch64-linux": {
          "outputs": [
            {
              "name": "out",
              "path": "/nix/store/nhwv558wja6gkfhdbxfz21f0a9kz7v85-llvm-11.1.0",
              "default": true
            },
            {
              "name": "dev",
              "path": "/nix/store/znz7z9pmxsv1py4pib3xpsdwjl1qr8l9-llvm-11.1.0-dev"
            },
            {
              "name": "lib",
              "path": "/nix/store/azhfsf16lm7qgcm88jknywiybm41b191-llvm-11.1.0-lib"
            },
            {
              "name": "python",
              "path": "/nix/store/64d7iqzy8drpz7v6w6r7kd66hyhdqkhk-llvm-11.1.0-python"
            }
          ],
          "store_path": "/nix/store/nhwv558wja6gkfhdbxfz21f0a9kz7v85-llvm-11.1.0"
        },
        "x86_64-darwin": {
          "outputs": [
            {
              "name": "out",
              "path": "/nix/store/7z6bs61wlly6m9czqrddmhwyh7r6g42x-llvm-11.1.0",
              "default": true
            },
            {
              "name": "dev",
              "path": "/nix/store/lkqpa88n6501407y5ha5j1rpgqvvbd6j-llvm-11.1.0-dev"
            },
            {
              "name": "lib",
              "path": "/nix/store/86rffbzdavja7vbbczjiikb65rj4m7i9-llvm-11.1.0-lib"
            },
            {
              "name": "python",
              "path": "/nix/store/9v790lv1xpsxf6n6kjdc4la1ac5294h6-llvm-11.1.0-python"
            }
          ],
          "store_path": "/nix/store/7z6bs61wlly6m9czqrddmhwyh7r6g42x-llvm-11.1.0"
        },
        "x86_64-linux": {
          "outputs": [
            {
              "name": "out",
              "path": "/nix/store/a7nzy012wylfq7qfhhclr4lpq92gsx4j-llvm-11.1.0",
              "default": true
            },
            {
              "name": "python",
              "path": "/nix/store/a9padllp9wz5pna5hw320cfx6p8vvpan-llvm-11.1.0-python"
            },
            {
              "name": "dev",
              "path": "/nix/store/906rdd1qncalgjdl8f14b54f8f04wmgx-llvm-11.1.0-dev"
            },
            {
              "name": "lib",
              "path": "/nix/store/5r97sbs5j6mw7qnbg8nhnq1gad9973ap-llvm-11.1.0-lib"
            }
          ],
          "store_path": "/nix/store/a7nzy012wylfq7qfhhclr4lpq92gsx4j-llvm-11.1.0"
        }
      }
    },
    "mold@2.3.3": {
      "last_modified": "2023-11-17T09:14:56-05:00",
      "resolved": "github:NixOS/nixpkgs/a71323f68d4377d12c04a5410e214495ec598d4c#mold",
      "source": "devbox-search",
      "version": "2.3.3",
      "systems": {
        "aarch64-darwin": {
          "outputs": [
            {
              "name": "out",
              "path": "/nix/store/v9d45ma9nhmfq9bpr1i8bm90c7nlmfx0-mold-2.3.3",
              "default": true
            }
          ],
          "store_path": "/nix/store/v9d45ma9nhmfq9bpr1i8bm90c7nlmfx0-mold-2.3.3"
        },
        "aarch64-linux": {
          "outputs": [
            {
              "name": "out",
              "path": "/nix/store/afbpcjrl4gqcnr27qsxv4zl6hvbgzw0p-mold-2.3.3",
              "default": true
            }
          ],
          "store_path": "/nix/store/afbpcjrl4gqcnr27qsxv4zl6hvbgzw0p-mold-2.3.3"
        },
        "x86_64-darwin": {
          "outputs": [
            {
              "name": "out",
              "path": "/nix/store/3kn1d5vhjm4z8cg5izzg47fkg7rr4q0s-mold-2.3.3",
              "default": true
            }
          ],
          "store_path": "/nix/store/3kn1d5vhjm4z8cg5izzg47fkg7rr4q0s-mold-2.3.3"
        },
        "x86_64-linux": {
          "outputs": [
            {
              "name": "out",
              "path": "/nix/store/jjgspa8kvy8rgl2fsr6yqyrmiynxl28y-mold-2.3.3",
              "default": true
            }
          ],
          "store_path": "/nix/store/jjgspa8kvy8rgl2fsr6yqyrmiynxl28y-mold-2.3.3"
        }
      }
    },
    "pipenv@2023.2.4": {
      "last_modified": "2024-04-19T17:36:04-04:00",
      "resolved": "github:NixOS/nixpkgs/92d295f588631b0db2da509f381b4fb1e74173c5#pipenv",
      "source": "devbox-search",
      "version": "2023.2.4",
      "systems": {
        "aarch64-darwin": {
          "outputs": [
            {
              "name": "out",
              "path": "/nix/store/s4jbxwi593yvhdqj36hccfz6v27zy8ql-pipenv-2023.2.4",
              "default": true
            },
            {
              "name": "dist",
              "path": "/nix/store/5cc98r4sygpykp35gq7mf9n0jadf6jym-pipenv-2023.2.4-dist"
            }
          ],
          "store_path": "/nix/store/s4jbxwi593yvhdqj36hccfz6v27zy8ql-pipenv-2023.2.4"
        },
        "aarch64-linux": {
          "outputs": [
            {
              "name": "out",
              "path": "/nix/store/q6cn6j9vv0kmf5li6c0w4wsrlxss1p8d-pipenv-2023.2.4",
              "default": true
            },
            {
              "name": "dist",
              "path": "/nix/store/grq25ax304s20jmv6lqc6nak43nhylpn-pipenv-2023.2.4-dist"
            }
          ],
          "store_path": "/nix/store/q6cn6j9vv0kmf5li6c0w4wsrlxss1p8d-pipenv-2023.2.4"
        },
        "x86_64-darwin": {
          "outputs": [
            {
              "name": "out",
              "path": "/nix/store/17453892m8r8k198xi3g707gf0bbaln5-pipenv-2023.2.4",
              "default": true
            },
            {
              "name": "dist",
              "path": "/nix/store/ndg9hkplkzgjdyizp8842id2yvndyx65-pipenv-2023.2.4-dist"
            }
          ],
          "store_path": "/nix/store/17453892m8r8k198xi3g707gf0bbaln5-pipenv-2023.2.4"
        },
        "x86_64-linux": {
          "outputs": [
            {
              "name": "out",
              "path": "/nix/store/f8f9fxs19f7lxvn6424791c54rd3fxpz-pipenv-2023.2.4",
              "default": true
            },
            {
              "name": "dist",
              "path": "/nix/store/scysdxh88vr7jdqnijwqk2m67ckrmkph-pipenv-2023.2.4-dist"
            }
          ],
          "store_path": "/nix/store/f8f9fxs19f7lxvn6424791c54rd3fxpz-pipenv-2023.2.4"
        }
      }
    },
    "postgresql@15.6": {
      "last_modified": "2024-04-27T06:29:53-04:00",
      "plugin_version": "0.0.2",
      "resolved": "github:NixOS/nixpkgs/d6f6eb2a984f2ba9a366c31e4d36d65465683450#postgresql",
      "source": "devbox-search",
      "version": "15.6",
      "systems": {
        "aarch64-darwin": {
          "outputs": [
            {
              "name": "out",
              "path": "/nix/store/p6rdsp4l4zsskjp1isabzk5wgx03jbcm-postgresql-15.6",
              "default": true
            },
            {
              "name": "man",
              "path": "/nix/store/4fnirk8fas6v4mcd3444606f6pm4ahnk-postgresql-15.6-man",
              "default": true
            },
            {
              "name": "doc",
              "path": "/nix/store/if8jnkir8vwzb0ad67kkpiyvg1v4pj48-postgresql-15.6-doc"
            },
            {
              "name": "lib",
              "path": "/nix/store/brv3m22siw1903dzcb54fdpm9rnhym2c-postgresql-15.6-lib"
            }
          ],
          "store_path": "/nix/store/p6rdsp4l4zsskjp1isabzk5wgx03jbcm-postgresql-15.6"
        },
        "aarch64-linux": {
          "outputs": [
            {
              "name": "out",
              "path": "/nix/store/c4p9zl4rndm9nk928bzkyvp1s0dnylih-postgresql-15.6",
              "default": true
            },
            {
              "name": "man",
              "path": "/nix/store/b3qkggagn62i524qgj7s1r1bddxw9n0a-postgresql-15.6-man",
              "default": true
            },
            {
              "name": "debug",
              "path": "/nix/store/3xv7ivxa60kqnbh7jxnmw9350zj2adba-postgresql-15.6-debug"
            },
            {
              "name": "doc",
              "path": "/nix/store/68kphjssv9bwnals2winm5smvnrmmclg-postgresql-15.6-doc"
            },
            {
              "name": "lib",
              "path": "/nix/store/3clj5nbm5xqbqy3gc73ic0mkvbx8kh78-postgresql-15.6-lib"
            }
          ],
          "store_path": "/nix/store/c4p9zl4rndm9nk928bzkyvp1s0dnylih-postgresql-15.6"
        },
        "x86_64-darwin": {
          "outputs": [
            {
              "name": "out",
              "path": "/nix/store/5mi45gr9l12hc6gjj3a5vh4rc684y896-postgresql-15.6",
              "default": true
            },
            {
              "name": "man",
              "path": "/nix/store/fgw3a3ssbyxrpk9hhhffnajai4vc2m8f-postgresql-15.6-man",
              "default": true
            },
            {
              "name": "doc",
              "path": "/nix/store/i07s3b1a4jr700xwky8v2vzvn98314z0-postgresql-15.6-doc"
            },
            {
              "name": "lib",
              "path": "/nix/store/wd2bcvrfhcxr14pzrvrvivz6b8akdr2i-postgresql-15.6-lib"
            }
          ],
          "store_path": "/nix/store/5mi45gr9l12hc6gjj3a5vh4rc684y896-postgresql-15.6"
        },
        "x86_64-linux": {
          "outputs": [
            {
              "name": "out",
              "path": "/nix/store/x57rfwyv6cl87dsd5894rh69cyw1d6bq-postgresql-15.6",
              "default": true
            },
            {
              "name": "man",
              "path": "/nix/store/3pvfwb6ms1py83mhnjzi8vzsh23id1wx-postgresql-15.6-man",
              "default": true
            },
            {
              "name": "debug",
              "path": "/nix/store/pshx68gnrqfpz6kpbncsxjkm1y82dfbv-postgresql-15.6-debug"
            },
            {
              "name": "doc",
              "path": "/nix/store/j0329mb6h3p4mjprgjfl4mhdspkvbzi6-postgresql-15.6-doc"
            },
            {
              "name": "lib",
              "path": "/nix/store/644gkr5795widx5xl8wl0r4bzh7baish-postgresql-15.6-lib"
            }
          ],
          "store_path": "/nix/store/x57rfwyv6cl87dsd5894rh69cyw1d6bq-postgresql-15.6"
        }
      }
    },
    "pre-commit@3.3.3": {
      "last_modified": "2023-12-13T17:54:10-05:00",
      "resolved": "github:NixOS/nixpkgs/fd04bea4cbf76f86f244b9e2549fca066db8ddff#pre-commit",
      "source": "devbox-search",
      "version": "3.3.3",
      "systems": {
        "aarch64-darwin": {
          "outputs": [
            {
              "name": "out",
              "path": "/nix/store/zf05xsah3wfzcsb667ncxlj7xkgjpi20-pre-commit-3.3.3",
              "default": true
            },
            {
              "name": "dist",
              "path": "/nix/store/nlf8rmfd3zck00i0fa3h9ny2si9si5p0-pre-commit-3.3.3-dist"
            }
          ],
          "store_path": "/nix/store/zf05xsah3wfzcsb667ncxlj7xkgjpi20-pre-commit-3.3.3"
        },
        "aarch64-linux": {
          "outputs": [
            {
              "name": "out",
              "path": "/nix/store/1a6hxqg1l06pmni3wgvf9mnmnnmybpfz-pre-commit-3.3.3",
              "default": true
            },
            {
              "name": "dist",
              "path": "/nix/store/975482aqwn7mkdnnnhwisw8d6x42bp36-pre-commit-3.3.3-dist"
            }
          ],
          "store_path": "/nix/store/1a6hxqg1l06pmni3wgvf9mnmnnmybpfz-pre-commit-3.3.3"
        },
        "x86_64-darwin": {
          "outputs": [
            {
              "name": "out",
              "path": "/nix/store/5gcyinwlh7ymdkn52bndsla3j5k535kn-pre-commit-3.3.3",
              "default": true
            },
            {
              "name": "dist",
              "path": "/nix/store/n7d03kc0wci013mh8lbd9xv20ayxvf4v-pre-commit-3.3.3-dist"
            }
          ],
          "store_path": "/nix/store/5gcyinwlh7ymdkn52bndsla3j5k535kn-pre-commit-3.3.3"
        },
        "x86_64-linux": {
          "outputs": [
            {
              "name": "out",
              "path": "/nix/store/df53xfmql17hpxn2vnklqy005h4q7vmw-pre-commit-3.3.3",
              "default": true
            },
            {
              "name": "dist",
              "path": "/nix/store/695lwjgmhj2799ihmr3nfp35gj12dwfv-pre-commit-3.3.3-dist"
            }
          ],
          "store_path": "/nix/store/df53xfmql17hpxn2vnklqy005h4q7vmw-pre-commit-3.3.3"
        }
      }
    },
    "python@3.11": {
      "last_modified": "2024-04-19T17:36:04-04:00",
      "plugin_version": "0.0.3",
      "resolved": "github:NixOS/nixpkgs/92d295f588631b0db2da509f381b4fb1e74173c5#python3",
      "source": "devbox-search",
      "version": "3.11.9",
      "systems": {
        "aarch64-darwin": {
          "outputs": [
            {
              "name": "out",
              "path": "/nix/store/kqsqlfvvr4gr3q83vl43gprk47rbsc5d-python3-3.11.9",
              "default": true
            }
          ],
          "store_path": "/nix/store/kqsqlfvvr4gr3q83vl43gprk47rbsc5d-python3-3.11.9"
        },
        "aarch64-linux": {
          "outputs": [
            {
              "name": "out",
              "path": "/nix/store/6n45ny7frbmv2ha302da9z440dq2nbna-python3-3.11.9",
              "default": true
            },
            {
              "name": "debug",
              "path": "/nix/store/cvcwnqmdvyj8jp0a6m08syarvp5m5lhr-python3-3.11.9-debug"
            }
          ],
          "store_path": "/nix/store/6n45ny7frbmv2ha302da9z440dq2nbna-python3-3.11.9"
        },
        "x86_64-darwin": {
          "outputs": [
            {
              "name": "out",
              "path": "/nix/store/d0lpzyjad99g4rm84d4mj3mw1iq8hl03-python3-3.11.9",
              "default": true
            }
          ],
          "store_path": "/nix/store/d0lpzyjad99g4rm84d4mj3mw1iq8hl03-python3-3.11.9"
        },
        "x86_64-linux": {
          "outputs": [
            {
              "name": "out",
              "path": "/nix/store/glfr70gi7hfaj50mwj2431p8bg60fhqw-python3-3.11.9",
              "default": true
            },
            {
              "name": "debug",
              "path": "/nix/store/jvi4ai0ip6hvia5jlqh9zal6cdm8fp57-python3-3.11.9-debug"
            }
          ],
          "store_path": "/nix/store/glfr70gi7hfaj50mwj2431p8bg60fhqw-python3-3.11.9"
        }
      }
    },
    "rustup@1.26.0": {
      "last_modified": "2024-04-19T17:36:04-04:00",
      "plugin_version": "0.0.1",
      "resolved": "github:NixOS/nixpkgs/92d295f588631b0db2da509f381b4fb1e74173c5#rustup",
      "source": "devbox-search",
      "version": "1.26.0",
      "systems": {
        "aarch64-darwin": {
          "outputs": [
            {
              "name": "out",
              "path": "/nix/store/cyvyapv4ypksdxy6ccgl6nla5kdmzib0-rustup-1.26.0",
              "default": true
            }
          ],
          "store_path": "/nix/store/cyvyapv4ypksdxy6ccgl6nla5kdmzib0-rustup-1.26.0"
        },
        "aarch64-linux": {
          "outputs": [
            {
              "name": "out",
              "path": "/nix/store/k0i5323fwlc6yxiqqd6fyi6syvbwvw6r-rustup-1.26.0",
              "default": true
            }
          ],
          "store_path": "/nix/store/k0i5323fwlc6yxiqqd6fyi6syvbwvw6r-rustup-1.26.0"
        },
        "x86_64-darwin": {
          "outputs": [
            {
              "name": "out",
              "path": "/nix/store/rgx9ssx5ai30vncw2a5wxcr8pbmhdy39-rustup-1.26.0",
              "default": true
            }
          ],
          "store_path": "/nix/store/rgx9ssx5ai30vncw2a5wxcr8pbmhdy39-rustup-1.26.0"
        },
        "x86_64-linux": {
          "outputs": [
            {
              "name": "out",
              "path": "/nix/store/czkc2swvgjv185rmi22j73159ifil4sy-rustup-1.26.0",
              "default": true
            }
          ],
          "store_path": "/nix/store/czkc2swvgjv185rmi22j73159ifil4sy-rustup-1.26.0"
        }
      }
    }
  }
}
