{
    "_meta": {
        "hash": {
            "sha256": "342ddbd336f58092dc00024686d91dc820978c7e692395c2b3e748701b5eb859"
        },
        "pipfile-spec": 6,
        "requires": {},
        "sources": [
            {
                "name": "pypi",
                "url": "https://pypi.python.org/simple",
                "verify_ssl": true
            }
        ]
    },
    "default": {
        "robotframework": {
            "hashes": [
                "sha256:04623f758346c917db182e17591ffa474090560c02ed5a64343902e72b7b4bd5",
                "sha256:865f427c4e4ec8c0b71a24dedbdad6668adfecc9fce04d77d02e1b8e54b77f41"
            ],
            "index": "pypi",
            "version": "==7.0"
        }
    },
    "develop": {}
}
